
Microsoft Visual Studio Solution File, Format Version 12.00
# Visual Studio Version 16
VisualStudioVersion = 16.0.31515.178
MinimumVisualStudioVersion = 10.0.40219.1
Project("{FAE04EC0-301F-11D3-BF4B-00C04F79EFBC}") = "SearchBarCancelIssue.UWP", "SearchBarCancelIssue\SearchBarCancelIssue.UWP\SearchBarCancelIssue.UWP.csproj", "{F6157585-50C4-4A8B-888A-655B143034B3}"
EndProject
Project("{FAE04EC0-301F-11D3-BF4B-00C04F79EFBC}") = "SearchBarCancelIssue.Android", "SearchBarCancelIssue\SearchBarCancelIssue.Android\SearchBarCancelIssue.Android.csproj", "{30D6B1D9-9D7A-4D6F-8E75-BCFC001ACB4F}"
EndProject
Project("{FAE04EC0-301F-11D3-BF4B-00C04F79EFBC}") = "SearchBarCancelIssue.iOS", "SearchBarCancelIssue\SearchBarCancelIssue.iOS\SearchBarCancelIssue.iOS.csproj", "{CB902093-A445-48DB-A411-693CD7E97BD0}"
EndProject
Project("{FAE04EC0-301F-11D3-BF4B-00C04F79EFBC}") = "SearchBarCancelIssue", "SearchBarCancelIssue\SearchBarCancelIssue\SearchBarCancelIssue.csproj", "{855FDB13-A120-4DF6-9454-A04D44A0D2A5}"
EndProject
Global
	GlobalSection(SolutionConfigurationPlatforms) = preSolution
		Debug|Any CPU = Debug|Any CPU
		Debug|ARM = Debug|ARM
		Debug|iPhone = Debug|iPhone
		Debug|iPhoneSimulator = Debug|iPhoneSimulator
		Debug|x64 = Debug|x64
		Debug|x86 = Debug|x86
		Release|Any CPU = Release|Any CPU
		Release|ARM = Release|ARM
		Release|iPhone = Release|iPhone
		Release|iPhoneSimulator = Release|iPhoneSimulator
		Release|x64 = Release|x64
		Release|x86 = Release|x86
	EndGlobalSection
	GlobalSection(ProjectConfigurationPlatforms) = postSolution
		{F6157585-50C4-4A8B-888A-655B143034B3}.Debug|Any CPU.ActiveCfg = Debug|x86
		{F6157585-50C4-4A8B-888A-655B143034B3}.Debug|Any CPU.Build.0 = Debug|x86
		{F6157585-50C4-4A8B-888A-655B143034B3}.Debug|Any CPU.Deploy.0 = Debug|x86
		{F6157585-50C4-4A8B-888A-655B143034B3}.Debug|ARM.ActiveCfg = Debug|ARM
		{F6157585-50C4-4A8B-888A-655B143034B3}.Debug|ARM.Build.0 = Debug|ARM
		{F6157585-50C4-4A8B-888A-655B143034B3}.Debug|ARM.Deploy.0 = Debug|ARM
		{F6157585-50C4-4A8B-888A-655B143034B3}.Debug|iPhone.ActiveCfg = Debug|x86
		{F6157585-50C4-4A8B-888A-655B143034B3}.Debug|iPhone.Build.0 = Debug|x86
		{F6157585-50C4-4A8B-888A-655B143034B3}.Debug|iPhone.Deploy.0 = Debug|x86
		{F6157585-50C4-4A8B-888A-655B143034B3}.Debug|iPhoneSimulator.ActiveCfg = Debug|x86
		{F6157585-50C4-4A8B-888A-655B143034B3}.Debug|iPhoneSimulator.Build.0 = Debug|x86
		{F6157585-50C4-4A8B-888A-655B143034B3}.Debug|iPhoneSimulator.Deploy.0 = Debug|x86
		{F6157585-50C4-4A8B-888A-655B143034B3}.Debug|x64.ActiveCfg = Debug|x64
		{F6157585-50C4-4A8B-888A-655B143034B3}.Debug|x64.Build.0 = Debug|x64
		{F6157585-50C4-4A8B-888A-655B143034B3}.Debug|x64.Deploy.0 = Debug|x64
		{F6157585-50C4-4A8B-888A-655B143034B3}.Debug|x86.ActiveCfg = Debug|x86
		{F6157585-50C4-4A8B-888A-655B143034B3}.Debug|x86.Build.0 = Debug|x86
		{F6157585-50C4-4A8B-888A-655B143034B3}.Debug|x86.Deploy.0 = Debug|x86
		{F6157585-50C4-4A8B-888A-655B143034B3}.Release|Any CPU.ActiveCfg = Release|x86
		{F6157585-50C4-4A8B-888A-655B143034B3}.Release|Any CPU.Build.0 = Release|x86
		{F6157585-50C4-4A8B-888A-655B143034B3}.Release|Any CPU.Deploy.0 = Release|x86
		{F6157585-50C4-4A8B-888A-655B143034B3}.Release|ARM.ActiveCfg = Release|ARM
		{F6157585-50C4-4A8B-888A-655B143034B3}.Release|ARM.Build.0 = Release|ARM
		{F6157585-50C4-4A8B-888A-655B143034B3}.Release|ARM.Deploy.0 = Release|ARM
		{F6157585-50C4-4A8B-888A-655B143034B3}.Release|iPhone.ActiveCfg = Release|x86
		{F6157585-50C4-4A8B-888A-655B143034B3}.Release|iPhone.Build.0 = Release|x86
		{F6157585-50C4-4A8B-888A-655B143034B3}.Release|iPhone.Deploy.0 = Release|x86
		{F6157585-50C4-4A8B-888A-655B143034B3}.Release|iPhoneSimulator.ActiveCfg = Release|x86
		{F6157585-50C4-4A8B-888A-655B143034B3}.Release|iPhoneSimulator.Build.0 = Release|x86
		{F6157585-50C4-4A8B-888A-655B143034B3}.Release|iPhoneSimulator.Deploy.0 = Release|x86
		{F6157585-50C4-4A8B-888A-655B143034B3}.Release|x64.ActiveCfg = Release|x64
		{F6157585-50C4-4A8B-888A-655B143034B3}.Release|x64.Build.0 = Release|x64
		{F6157585-50C4-4A8B-888A-655B143034B3}.Release|x64.Deploy.0 = Release|x64
		{F6157585-50C4-4A8B-888A-655B143034B3}.Release|x86.ActiveCfg = Release|x86
		{F6157585-50C4-4A8B-888A-655B143034B3}.Release|x86.Build.0 = Release|x86
		{F6157585-50C4-4A8B-888A-655B143034B3}.Release|x86.Deploy.0 = Release|x86
		{30D6B1D9-9D7A-4D6F-8E75-BCFC001ACB4F}.Debug|Any CPU.ActiveCfg = Debug|Any CPU
		{30D6B1D9-9D7A-4D6F-8E75-BCFC001ACB4F}.Debug|Any CPU.Build.0 = Debug|Any CPU
		{30D6B1D9-9D7A-4D6F-8E75-BCFC001ACB4F}.Debug|Any CPU.Deploy.0 = Debug|Any CPU
		{30D6B1D9-9D7A-4D6F-8E75-BCFC001ACB4F}.Debug|ARM.ActiveCfg = Debug|Any CPU
		{30D6B1D9-9D7A-4D6F-8E75-BCFC001ACB4F}.Debug|ARM.Build.0 = Debug|Any CPU
		{30D6B1D9-9D7A-4D6F-8E75-BCFC001ACB4F}.Debug|ARM.Deploy.0 = Debug|Any CPU
		{30D6B1D9-9D7A-4D6F-8E75-BCFC001ACB4F}.Debug|iPhone.ActiveCfg = Debug|Any CPU
		{30D6B1D9-9D7A-4D6F-8E75-BCFC001ACB4F}.Debug|iPhone.Build.0 = Debug|Any CPU
		{30D6B1D9-9D7A-4D6F-8E75-BCFC001ACB4F}.Debug|iPhone.Deploy.0 = Debug|Any CPU
		{30D6B1D9-9D7A-4D6F-8E75-BCFC001ACB4F}.Debug|iPhoneSimulator.ActiveCfg = Debug|Any CPU
		{30D6B1D9-9D7A-4D6F-8E75-BCFC001ACB4F}.Debug|iPhoneSimulator.Build.0 = Debug|Any CPU
		{30D6B1D9-9D7A-4D6F-8E75-BCFC001ACB4F}.Debug|iPhoneSimulator.Deploy.0 = Debug|Any CPU
		{30D6B1D9-9D7A-4D6F-8E75-BCFC001ACB4F}.Debug|x64.ActiveCfg = Debug|Any CPU
		{30D6B1D9-9D7A-4D6F-8E75-BCFC001ACB4F}.Debug|x64.Build.0 = Debug|Any CPU
		{30D6B1D9-9D7A-4D6F-8E75-BCFC001ACB4F}.Debug|x64.Deploy.0 = Debug|Any CPU
		{30D6B1D9-9D7A-4D6F-8E75-BCFC001ACB4F}.Debug|x86.ActiveCfg = Debug|Any CPU
		{30D6B1D9-9D7A-4D6F-8E75-BCFC001ACB4F}.Debug|x86.Build.0 = Debug|Any CPU
		{30D6B1D9-9D7A-4D6F-8E75-BCFC001ACB4F}.Debug|x86.Deploy.0 = Debug|Any CPU
		{30D6B1D9-9D7A-4D6F-8E75-BCFC001ACB4F}.Release|Any CPU.ActiveCfg = Release|Any CPU
		{30D6B1D9-9D7A-4D6F-8E75-BCFC001ACB4F}.Release|Any CPU.Build.0 = Release|Any CPU
		{30D6B1D9-9D7A-4D6F-8E75-BCFC001ACB4F}.Release|Any CPU.Deploy.0 = Release|Any CPU
		{30D6B1D9-9D7A-4D6F-8E75-BCFC001ACB4F}.Release|ARM.ActiveCfg = Release|Any CPU
		{30D6B1D9-9D7A-4D6F-8E75-BCFC001ACB4F}.Release|ARM.Build.0 = Release|Any CPU
		{30D6B1D9-9D7A-4D6F-8E75-BCFC001ACB4F}.Release|ARM.Deploy.0 = Release|Any CPU
		{30D6B1D9-9D7A-4D6F-8E75-BCFC001ACB4F}.Release|iPhone.ActiveCfg = Release|Any CPU
		{30D6B1D9-9D7A-4D6F-8E75-BCFC001ACB4F}.Release|iPhone.Build.0 = Release|Any CPU
		{30D6B1D9-9D7A-4D6F-8E75-BCFC001ACB4F}.Release|iPhone.Deploy.0 = Release|Any CPU
		{30D6B1D9-9D7A-4D6F-8E75-BCFC001ACB4F}.Release|iPhoneSimulator.ActiveCfg = Release|Any CPU
		{30D6B1D9-9D7A-4D6F-8E75-BCFC001ACB4F}.Release|iPhoneSimulator.Build.0 = Release|Any CPU
		{30D6B1D9-9D7A-4D6F-8E75-BCFC001ACB4F}.Release|iPhoneSimulator.Deploy.0 = Release|Any CPU
		{30D6B1D9-9D7A-4D6F-8E75-BCFC001ACB4F}.Release|x64.ActiveCfg = Release|Any CPU
		{30D6B1D9-9D7A-4D6F-8E75-BCFC001ACB4F}.Release|x64.Build.0 = Release|Any CPU
		{30D6B1D9-9D7A-4D6F-8E75-BCFC001ACB4F}.Release|x64.Deploy.0 = Release|Any CPU
		{30D6B1D9-9D7A-4D6F-8E75-BCFC001ACB4F}.Release|x86.ActiveCfg = Release|Any CPU
		{30D6B1D9-9D7A-4D6F-8E75-BCFC001ACB4F}.Release|x86.Build.0 = Release|Any CPU
		{30D6B1D9-9D7A-4D6F-8E75-BCFC001ACB4F}.Release|x86.Deploy.0 = Release|Any CPU
		{CB902093-A445-48DB-A411-693CD7E97BD0}.Debug|Any CPU.ActiveCfg = Debug|iPhoneSimulator
		{CB902093-A445-48DB-A411-693CD7E97BD0}.Debug|Any CPU.Build.0 = Debug|iPhoneSimulator
		{CB902093-A445-48DB-A411-693CD7E97BD0}.Debug|Any CPU.Deploy.0 = Debug|iPhoneSimulator
		{CB902093-A445-48DB-A411-693CD7E97BD0}.Debug|ARM.ActiveCfg = Debug|iPhone
		{CB902093-A445-48DB-A411-693CD7E97BD0}.Debug|ARM.Build.0 = Debug|iPhone
		{CB902093-A445-48DB-A411-693CD7E97BD0}.Debug|ARM.Deploy.0 = Debug|iPhone
		{CB902093-A445-48DB-A411-693CD7E97BD0}.Debug|iPhone.ActiveCfg = Debug|iPhone
		{CB902093-A445-48DB-A411-693CD7E97BD0}.Debug|iPhone.Build.0 = Debug|iPhone
		{CB902093-A445-48DB-A411-693CD7E97BD0}.Debug|iPhone.Deploy.0 = Debug|iPhone
		{CB902093-A445-48DB-A411-693CD7E97BD0}.Debug|iPhoneSimulator.ActiveCfg = Debug|iPhoneSimulator
		{CB902093-A445-48DB-A411-693CD7E97BD0}.Debug|iPhoneSimulator.Build.0 = Debug|iPhoneSimulator
		{CB902093-A445-48DB-A411-693CD7E97BD0}.Debug|iPhoneSimulator.Deploy.0 = Debug|iPhoneSimulator
		{CB902093-A445-48DB-A411-693CD7E97BD0}.Debug|x64.ActiveCfg = Debug|iPhoneSimulator
		{CB902093-A445-48DB-A411-693CD7E97BD0}.Debug|x64.Build.0 = Debug|iPhoneSimulator
		{CB902093-A445-48DB-A411-693CD7E97BD0}.Debug|x64.Deploy.0 = Debug|iPhoneSimulator
		{CB902093-A445-48DB-A411-693CD7E97BD0}.Debug|x86.ActiveCfg = Debug|iPhoneSimulator
		{CB902093-A445-48DB-A411-693CD7E97BD0}.Debug|x86.Build.0 = Debug|iPhoneSimulator
		{CB902093-A445-48DB-A411-693CD7E97BD0}.Debug|x86.Deploy.0 = Debug|iPhoneSimulator
		{CB902093-A445-48DB-A411-693CD7E97BD0}.Release|Any CPU.ActiveCfg = Release|iPhoneSimulator
		{CB902093-A445-48DB-A411-693CD7E97BD0}.Release|Any CPU.Build.0 = Release|iPhoneSimulator
		{CB902093-A445-48DB-A411-693CD7E97BD0}.Release|Any CPU.Deploy.0 = Release|iPhoneSimulator
		{CB902093-A445-48DB-A411-693CD7E97BD0}.Release|ARM.ActiveCfg = Release|iPhoneSimulator
		{CB902093-A445-48DB-A411-693CD7E97BD0}.Release|ARM.Build.0 = Release|iPhoneSimulator
		{CB902093-A445-48DB-A411-693CD7E97BD0}.Release|ARM.Deploy.0 = Release|iPhoneSimulator
		{CB902093-A445-48DB-A411-693CD7E97BD0}.Release|iPhone.ActiveCfg = Release|iPhone
		{CB902093-A445-48DB-A411-693CD7E97BD0}.Release|iPhone.Build.0 = Release|iPhone
		{CB902093-A445-48DB-A411-693CD7E97BD0}.Release|iPhone.Deploy.0 = Release|iPhone
		{CB902093-A445-48DB-A411-693CD7E97BD0}.Release|iPhoneSimulator.ActiveCfg = Release|iPhoneSimulator
		{CB902093-A445-48DB-A411-693CD7E97BD0}.Release|iPhoneSimulator.Build.0 = Release|iPhoneSimulator
		{CB902093-A445-48DB-A411-693CD7E97BD0}.Release|iPhoneSimulator.Deploy.0 = Release|iPhoneSimulator
		{CB902093-A445-48DB-A411-693CD7E97BD0}.Release|x64.ActiveCfg = Release|iPhoneSimulator
		{CB902093-A445-48DB-A411-693CD7E97BD0}.Release|x64.Build.0 = Release|iPhoneSimulator
		{CB902093-A445-48DB-A411-693CD7E97BD0}.Release|x64.Deploy.0 = Release|iPhoneSimulator
		{CB902093-A445-48DB-A411-693CD7E97BD0}.Release|x86.ActiveCfg = Release|iPhoneSimulator
		{CB902093-A445-48DB-A411-693CD7E97BD0}.Release|x86.Build.0 = Release|iPhoneSimulator
		{CB902093-A445-48DB-A411-693CD7E97BD0}.Release|x86.Deploy.0 = Release|iPhoneSimulator
		{855FDB13-A120-4DF6-9454-A04D44A0D2A5}.Debug|Any CPU.ActiveCfg = Debug|Any CPU
		{855FDB13-A120-4DF6-9454-A04D44A0D2A5}.Debug|Any CPU.Build.0 = Debug|Any CPU
		{855FDB13-A120-4DF6-9454-A04D44A0D2A5}.Debug|Any CPU.Deploy.0 = Debug|Any CPU
		{855FDB13-A120-4DF6-9454-A04D44A0D2A5}.Debug|ARM.ActiveCfg = Debug|Any CPU
		{855FDB13-A120-4DF6-9454-A04D44A0D2A5}.Debug|ARM.Build.0 = Debug|Any CPU
		{855FDB13-A120-4DF6-9454-A04D44A0D2A5}.Debug|ARM.Deploy.0 = Debug|Any CPU
		{855FDB13-A120-4DF6-9454-A04D44A0D2A5}.Debug|iPhone.ActiveCfg = Debug|Any CPU
		{855FDB13-A120-4DF6-9454-A04D44A0D2A5}.Debug|iPhone.Build.0 = Debug|Any CPU
		{855FDB13-A120-4DF6-9454-A04D44A0D2A5}.Debug|iPhone.Deploy.0 = Debug|Any CPU
		{855FDB13-A120-4DF6-9454-A04D44A0D2A5}.Debug|iPhoneSimulator.ActiveCfg = Debug|Any CPU
		{855FDB13-A120-4DF6-9454-A04D44A0D2A5}.Debug|iPhoneSimulator.Build.0 = Debug|Any CPU
		{855FDB13-A120-4DF6-9454-A04D44A0D2A5}.Debug|iPhoneSimulator.Deploy.0 = Debug|Any CPU
		{855FDB13-A120-4DF6-9454-A04D44A0D2A5}.Debug|x64.ActiveCfg = Debug|Any CPU
		{855FDB13-A120-4DF6-9454-A04D44A0D2A5}.Debug|x64.Build.0 = Debug|Any CPU
		{855FDB13-A120-4DF6-9454-A04D44A0D2A5}.Debug|x64.Deploy.0 = Debug|Any CPU
		{855FDB13-A120-4DF6-9454-A04D44A0D2A5}.Debug|x86.ActiveCfg = Debug|Any CPU
		{855FDB13-A120-4DF6-9454-A04D44A0D2A5}.Debug|x86.Build.0 = Debug|Any CPU
		{855FDB13-A120-4DF6-9454-A04D44A0D2A5}.Debug|x86.Deploy.0 = Debug|Any CPU
		{855FDB13-A120-4DF6-9454-A04D44A0D2A5}.Release|Any CPU.ActiveCfg = Release|Any CPU
		{855FDB13-A120-4DF6-9454-A04D44A0D2A5}.Release|Any CPU.Build.0 = Release|Any CPU
		{855FDB13-A120-4DF6-9454-A04D44A0D2A5}.Release|Any CPU.Deploy.0 = Release|Any CPU
		{855FDB13-A120-4DF6-9454-A04D44A0D2A5}.Release|ARM.ActiveCfg = Release|Any CPU
		{855FDB13-A120-4DF6-9454-A04D44A0D2A5}.Release|ARM.Build.0 = Release|Any CPU
		{855FDB13-A120-4DF6-9454-A04D44A0D2A5}.Release|ARM.Deploy.0 = Release|Any CPU
		{855FDB13-A120-4DF6-9454-A04D44A0D2A5}.Release|iPhone.ActiveCfg = Release|Any CPU
		{855FDB13-A120-4DF6-9454-A04D44A0D2A5}.Release|iPhone.Build.0 = Release|Any CPU
		{855FDB13-A120-4DF6-9454-A04D44A0D2A5}.Release|iPhone.Deploy.0 = Release|Any CPU
		{855FDB13-A120-4DF6-9454-A04D44A0D2A5}.Release|iPhoneSimulator.ActiveCfg = Release|Any CPU
		{855FDB13-A120-4DF6-9454-A04D44A0D2A5}.Release|iPhoneSimulator.Build.0 = Release|Any CPU
		{855FDB13-A120-4DF6-9454-A04D44A0D2A5}.Release|iPhoneSimulator.Deploy.0 = Release|Any CPU
		{855FDB13-A120-4DF6-9454-A04D44A0D2A5}.Release|x64.ActiveCfg = Release|Any CPU
		{855FDB13-A120-4DF6-9454-A04D44A0D2A5}.Release|x64.Build.0 = Release|Any CPU
		{855FDB13-A120-4DF6-9454-A04D44A0D2A5}.Release|x64.Deploy.0 = Release|Any CPU
		{855FDB13-A120-4DF6-9454-A04D44A0D2A5}.Release|x86.ActiveCfg = Release|Any CPU
		{855FDB13-A120-4DF6-9454-A04D44A0D2A5}.Release|x86.Build.0 = Release|Any CPU
		{855FDB13-A120-4DF6-9454-A04D44A0D2A5}.Release|x86.Deploy.0 = Release|Any CPU
	EndGlobalSection
	GlobalSection(SolutionProperties) = preSolution
		HideSolutionNode = FALSE
	EndGlobalSection
	GlobalSection(ExtensibilityGlobals) = postSolution
		SolutionGuid = {54EBB951-A91B-4DC0-9601-615A043A033C}
	EndGlobalSection
EndGlobal
